
Microsoft Visual Studio Solution File, Format Version 12.00
# Visual Studio Version 17
VisualStudioVersion = 17.14.37027.9 d17.14
MinimumVisualStudioVersion = 10.0.40219.1
Project("{FAE04EC0-301F-11D3-BF4B-00C04F79EFBC}") = "PARAMETERS SUBMISSION ASSIGNMENT", "PARAMETERS SUBMISSION ASSIGNMENT\PARAMETERS SUBMISSION ASSIGNMENT.csproj", "{B09FB0C5-89FF-4490-932F-E3A660E51EC0}"
EndProject
Global
	GlobalSection(SolutionConfigurationPlatforms) = preSolution
		Debug|Any CPU = Debug|Any CPU
		Release|Any CPU = Release|Any CPU
	EndGlobalSection
	GlobalSection(ProjectConfigurationPlatforms) = postSolution
		{B09FB0C5-89FF-4490-932F-E3A660E51EC0}.Debug|Any CPU.ActiveCfg = Debug|Any CPU
		{B09FB0C5-89FF-4490-932F-E3A660E51EC0}.Debug|Any CPU.Build.0 = Debug|Any CPU
		{B09FB0C5-89FF-4490-932F-E3A660E51EC0}.Release|Any CPU.ActiveCfg = Release|Any CPU
		{B09FB0C5-89FF-4490-932F-E3A660E51EC0}.Release|Any CPU.Build.0 = Release|Any CPU
	EndGlobalSection
	GlobalSection(SolutionProperties) = preSolution
		HideSolutionNode = FALSE
	EndGlobalSection
	GlobalSection(ExtensibilityGlobals) = postSolution
		SolutionGuid = {D27604F5-5EB5-4F8C-88D0-16BAE57A69C8}
	EndGlobalSection
EndGlobal
