
Microsoft Visual Studio Solution File, Format Version 12.00
# Visual Studio Version 17
VisualStudioVersion = 17.14.37027.9 d17.14
MinimumVisualStudioVersion = 10.0.40219.1
Project("{FAE04EC0-301F-11D3-BF4B-00C04F79EFBC}") = "INHERITANCE  VIDEO", "INHERITANCE  VIDEO\INHERITANCE  VIDEO.csproj", "{DCEC1626-9903-45FD-A651-ADC20A9461C1}"
EndProject
Global
	GlobalSection(SolutionConfigurationPlatforms) = preSolution
		Debug|Any CPU = Debug|Any CPU
		Release|Any CPU = Release|Any CPU
	EndGlobalSection
	GlobalSection(ProjectConfigurationPlatforms) = postSolution
		{DCEC1626-9903-45FD-A651-ADC20A9461C1}.Debug|Any CPU.ActiveCfg = Debug|Any CPU
		{DCEC1626-9903-45FD-A651-ADC20A9461C1}.Debug|Any CPU.Build.0 = Debug|Any CPU
		{DCEC1626-9903-45FD-A651-ADC20A9461C1}.Release|Any CPU.ActiveCfg = Release|Any CPU
		{DCEC1626-9903-45FD-A651-ADC20A9461C1}.Release|Any CPU.Build.0 = Release|Any CPU
	EndGlobalSection
	GlobalSection(SolutionProperties) = preSolution
		HideSolutionNode = FALSE
	EndGlobalSection
	GlobalSection(ExtensibilityGlobals) = postSolution
		SolutionGuid = {70ACC126-7716-4575-84CD-C89459372C3E}
	EndGlobalSection
EndGlobal
