
Microsoft Visual Studio Solution File, Format Version 12.00
# Visual Studio Version 17
VisualStudioVersion = 17.14.37027.9 d17.14
MinimumVisualStudioVersion = 10.0.40219.1
Project("{FAE04EC0-301F-11D3-BF4B-00C04F79EFBC}") = "Main Method Assignment", "Main Method Assignment\Main Method Assignment.csproj", "{E40B0820-78F3-4CA4-8A68-6CBD18AD714D}"
EndProject
Global
	GlobalSection(SolutionConfigurationPlatforms) = preSolution
		Debug|Any CPU = Debug|Any CPU
		Release|Any CPU = Release|Any CPU
	EndGlobalSection
	GlobalSection(ProjectConfigurationPlatforms) = postSolution
		{E40B0820-78F3-4CA4-8A68-6CBD18AD714D}.Debug|Any CPU.ActiveCfg = Debug|Any CPU
		{E40B0820-78F3-4CA4-8A68-6CBD18AD714D}.Debug|Any CPU.Build.0 = Debug|Any CPU
		{E40B0820-78F3-4CA4-8A68-6CBD18AD714D}.Release|Any CPU.ActiveCfg = Release|Any CPU
		{E40B0820-78F3-4CA4-8A68-6CBD18AD714D}.Release|Any CPU.Build.0 = Release|Any CPU
	EndGlobalSection
	GlobalSection(SolutionProperties) = preSolution
		HideSolutionNode = FALSE
	EndGlobalSection
	GlobalSection(ExtensibilityGlobals) = postSolution
		SolutionGuid = {EF00737A-AD05-4DBE-BD4A-89CE106FFF88}
	EndGlobalSection
EndGlobal
