
Microsoft Visual Studio Solution File, Format Version 12.00
# Visual Studio Version 17
VisualStudioVersion = 17.14.37027.9 d17.14
MinimumVisualStudioVersion = 10.0.40219.1
Project("{FAE04EC0-301F-11D3-BF4B-00C04F79EFBC}") = "console app with integer list", "console app with integer list\console app with integer list.csproj", "{71F801FB-B120-4F89-BABF-252C2E57BAAA}"
EndProject
Global
	GlobalSection(SolutionConfigurationPlatforms) = preSolution
		Debug|Any CPU = Debug|Any CPU
		Release|Any CPU = Release|Any CPU
	EndGlobalSection
	GlobalSection(ProjectConfigurationPlatforms) = postSolution
		{71F801FB-B120-4F89-BABF-252C2E57BAAA}.Debug|Any CPU.ActiveCfg = Debug|Any CPU
		{71F801FB-B120-4F89-BABF-252C2E57BAAA}.Debug|Any CPU.Build.0 = Debug|Any CPU
		{71F801FB-B120-4F89-BABF-252C2E57BAAA}.Release|Any CPU.ActiveCfg = Release|Any CPU
		{71F801FB-B120-4F89-BABF-252C2E57BAAA}.Release|Any CPU.Build.0 = Release|Any CPU
	EndGlobalSection
	GlobalSection(SolutionProperties) = preSolution
		HideSolutionNode = FALSE
	EndGlobalSection
	GlobalSection(ExtensibilityGlobals) = postSolution
		SolutionGuid = {39C2B1CC-D38A-4EC1-A13F-4DD14AF183A6}
	EndGlobalSection
EndGlobal
