
Microsoft Visual Studio Solution File, Format Version 12.00
# Visual Studio Version 17
VisualStudioVersion = 17.14.37027.9 d17.14
MinimumVisualStudioVersion = 10.0.40219.1
Project("{FAE04EC0-301F-11D3-BF4B-00C04F79EFBC}") = "STRINGS CHALLENGE", "STRINGS CHALLENGE\STRINGS CHALLENGE.csproj", "{0C9DB57A-A334-4D36-A6B6-4CB463F511E3}"
EndProject
Global
	GlobalSection(SolutionConfigurationPlatforms) = preSolution
		Debug|Any CPU = Debug|Any CPU
		Release|Any CPU = Release|Any CPU
	EndGlobalSection
	GlobalSection(ProjectConfigurationPlatforms) = postSolution
		{0C9DB57A-A334-4D36-A6B6-4CB463F511E3}.Debug|Any CPU.ActiveCfg = Debug|Any CPU
		{0C9DB57A-A334-4D36-A6B6-4CB463F511E3}.Debug|Any CPU.Build.0 = Debug|Any CPU
		{0C9DB57A-A334-4D36-A6B6-4CB463F511E3}.Release|Any CPU.ActiveCfg = Release|Any CPU
		{0C9DB57A-A334-4D36-A6B6-4CB463F511E3}.Release|Any CPU.Build.0 = Release|Any CPU
	EndGlobalSection
	GlobalSection(SolutionProperties) = preSolution
		HideSolutionNode = FALSE
	EndGlobalSection
	GlobalSection(ExtensibilityGlobals) = postSolution
		SolutionGuid = {7B50B854-816B-465A-B561-0AF14889F401}
	EndGlobalSection
EndGlobal
