
Microsoft Visual Studio Solution File, Format Version 12.00
# Visual Studio Version 17
VisualStudioVersion = 17.14.37027.9 d17.14
MinimumVisualStudioVersion = 10.0.40219.1
Project("{FAE04EC0-301F-11D3-BF4B-00C04F79EFBC}") = "ARRAYS AND LISTS PART ONE VIDEO", "ARRAYS AND LISTS PART ONE VIDEO\ARRAYS AND LISTS PART ONE VIDEO.csproj", "{66BCEA9A-38CE-4EA5-8674-742319E6C4A0}"
EndProject
Global
	GlobalSection(SolutionConfigurationPlatforms) = preSolution
		Debug|Any CPU = Debug|Any CPU
		Release|Any CPU = Release|Any CPU
	EndGlobalSection
	GlobalSection(ProjectConfigurationPlatforms) = postSolution
		{66BCEA9A-38CE-4EA5-8674-742319E6C4A0}.Debug|Any CPU.ActiveCfg = Debug|Any CPU
		{66BCEA9A-38CE-4EA5-8674-742319E6C4A0}.Debug|Any CPU.Build.0 = Debug|Any CPU
		{66BCEA9A-38CE-4EA5-8674-742319E6C4A0}.Release|Any CPU.ActiveCfg = Release|Any CPU
		{66BCEA9A-38CE-4EA5-8674-742319E6C4A0}.Release|Any CPU.Build.0 = Release|Any CPU
	EndGlobalSection
	GlobalSection(SolutionProperties) = preSolution
		HideSolutionNode = FALSE
	EndGlobalSection
	GlobalSection(ExtensibilityGlobals) = postSolution
		SolutionGuid = {87F91AD7-BD66-4374-8675-DB5D42B59DBD}
	EndGlobalSection
EndGlobal
