
Microsoft Visual Studio Solution File, Format Version 12.00
# Visual Studio Version 17
VisualStudioVersion = 17.14.37027.9 d17.14
MinimumVisualStudioVersion = 10.0.40219.1
Project("{FAE04EC0-301F-11D3-BF4B-00C04F79EFBC}") = "BRANCHING SUBMISSION ASSIGNMENT", "BRANCHING SUBMISSION ASSIGNMENT\BRANCHING SUBMISSION ASSIGNMENT.csproj", "{8D67662A-AC3A-4BE2-B299-8E98137630C7}"
EndProject
Global
	GlobalSection(SolutionConfigurationPlatforms) = preSolution
		Debug|Any CPU = Debug|Any CPU
		Release|Any CPU = Release|Any CPU
	EndGlobalSection
	GlobalSection(ProjectConfigurationPlatforms) = postSolution
		{8D67662A-AC3A-4BE2-B299-8E98137630C7}.Debug|Any CPU.ActiveCfg = Debug|Any CPU
		{8D67662A-AC3A-4BE2-B299-8E98137630C7}.Debug|Any CPU.Build.0 = Debug|Any CPU
		{8D67662A-AC3A-4BE2-B299-8E98137630C7}.Release|Any CPU.ActiveCfg = Release|Any CPU
		{8D67662A-AC3A-4BE2-B299-8E98137630C7}.Release|Any CPU.Build.0 = Release|Any CPU
	EndGlobalSection
	GlobalSection(SolutionProperties) = preSolution
		HideSolutionNode = FALSE
	EndGlobalSection
	GlobalSection(ExtensibilityGlobals) = postSolution
		SolutionGuid = {A8BD72D9-4F21-4CBD-84B4-82B6B179C3CB}
	EndGlobalSection
EndGlobal
