
Microsoft Visual Studio Solution File, Format Version 12.00
# Visual Studio Version 17
VisualStudioVersion = 17.14.37027.9 d17.14
MinimumVisualStudioVersion = 10.0.40219.1
Project("{FAE04EC0-301F-11D3-BF4B-00C04F79EFBC}") = "LOOPSVIDEO", "LOOPSVIDEO\LOOPSVIDEO.csproj", "{1AE2C48C-72F3-44F7-B0E2-A70E95F23D1D}"
EndProject
Global
	GlobalSection(SolutionConfigurationPlatforms) = preSolution
		Debug|Any CPU = Debug|Any CPU
		Release|Any CPU = Release|Any CPU
	EndGlobalSection
	GlobalSection(ProjectConfigurationPlatforms) = postSolution
		{1AE2C48C-72F3-44F7-B0E2-A70E95F23D1D}.Debug|Any CPU.ActiveCfg = Debug|Any CPU
		{1AE2C48C-72F3-44F7-B0E2-A70E95F23D1D}.Debug|Any CPU.Build.0 = Debug|Any CPU
		{1AE2C48C-72F3-44F7-B0E2-A70E95F23D1D}.Release|Any CPU.ActiveCfg = Release|Any CPU
		{1AE2C48C-72F3-44F7-B0E2-A70E95F23D1D}.Release|Any CPU.Build.0 = Release|Any CPU
	EndGlobalSection
	GlobalSection(SolutionProperties) = preSolution
		HideSolutionNode = FALSE
	EndGlobalSection
	GlobalSection(ExtensibilityGlobals) = postSolution
		SolutionGuid = {8D509674-2143-4671-8977-457516E733AA}
	EndGlobalSection
EndGlobal
