
Microsoft Visual Studio Solution File, Format Version 12.00
# Visual Studio Version 17
VisualStudioVersion = 17.14.37027.9 d17.14
MinimumVisualStudioVersion = 10.0.40219.1
Project("{FAE04EC0-301F-11D3-BF4B-00C04F79EFBC}") = "ARRAYS SUBMISSION ASSIGNMENT", "ARRAYS SUBMISSION ASSIGNMENT\ARRAYS SUBMISSION ASSIGNMENT.csproj", "{71295C02-34C5-41B2-B44E-89F0791F5CDC}"
EndProject
Global
	GlobalSection(SolutionConfigurationPlatforms) = preSolution
		Debug|Any CPU = Debug|Any CPU
		Release|Any CPU = Release|Any CPU
	EndGlobalSection
	GlobalSection(ProjectConfigurationPlatforms) = postSolution
		{71295C02-34C5-41B2-B44E-89F0791F5CDC}.Debug|Any CPU.ActiveCfg = Debug|Any CPU
		{71295C02-34C5-41B2-B44E-89F0791F5CDC}.Debug|Any CPU.Build.0 = Debug|Any CPU
		{71295C02-34C5-41B2-B44E-89F0791F5CDC}.Release|Any CPU.ActiveCfg = Release|Any CPU
		{71295C02-34C5-41B2-B44E-89F0791F5CDC}.Release|Any CPU.Build.0 = Release|Any CPU
	EndGlobalSection
	GlobalSection(SolutionProperties) = preSolution
		HideSolutionNode = FALSE
	EndGlobalSection
	GlobalSection(ExtensibilityGlobals) = postSolution
		SolutionGuid = {74A8E3E7-69BA-4BB5-9798-1B152E1D9CB8}
	EndGlobalSection
EndGlobal
