
Microsoft Visual Studio Solution File, Format Version 12.00
# Visual Studio Version 17
VisualStudioVersion = 17.14.37027.9 d17.14
MinimumVisualStudioVersion = 10.0.40219.1
Project("{FAE04EC0-301F-11D3-BF4B-00C04F79EFBC}") = "HelloWorld", "HelloWorld\HelloWorld.csproj", "{5FD96C63-A656-4D76-83A8-3763EB8E472D}"
EndProject
Global
	GlobalSection(SolutionConfigurationPlatforms) = preSolution
		Debug|Any CPU = Debug|Any CPU
		Release|Any CPU = Release|Any CPU
	EndGlobalSection
	GlobalSection(ProjectConfigurationPlatforms) = postSolution
		{5FD96C63-A656-4D76-83A8-3763EB8E472D}.Debug|Any CPU.ActiveCfg = Debug|Any CPU
		{5FD96C63-A656-4D76-83A8-3763EB8E472D}.Debug|Any CPU.Build.0 = Debug|Any CPU
		{5FD96C63-A656-4D76-83A8-3763EB8E472D}.Release|Any CPU.ActiveCfg = Release|Any CPU
		{5FD96C63-A656-4D76-83A8-3763EB8E472D}.Release|Any CPU.Build.0 = Release|Any CPU
	EndGlobalSection
	GlobalSection(SolutionProperties) = preSolution
		HideSolutionNode = FALSE
	EndGlobalSection
	GlobalSection(ExtensibilityGlobals) = postSolution
		SolutionGuid = {191E35FC-0F96-4DBF-A024-B23215B5406B}
	EndGlobalSection
EndGlobal
