
Microsoft Visual Studio Solution File, Format Version 12.00
# Visual Studio Version 17
VisualStudioVersion = 17.14.37027.9 d17.14
MinimumVisualStudioVersion = 10.0.40219.1
Project("{FAE04EC0-301F-11D3-BF4B-00C04F79EFBC}") = "METHOD CLASS SUBMISSION ASSIGNMENT", "METHOD CLASS SUBMISSION ASSIGNMENT\METHOD CLASS SUBMISSION ASSIGNMENT.csproj", "{79FCEB78-BBA9-4146-972D-D9F2B2B3D9EB}"
EndProject
Global
	GlobalSection(SolutionConfigurationPlatforms) = preSolution
		Debug|Any CPU = Debug|Any CPU
		Release|Any CPU = Release|Any CPU
	EndGlobalSection
	GlobalSection(ProjectConfigurationPlatforms) = postSolution
		{79FCEB78-BBA9-4146-972D-D9F2B2B3D9EB}.Debug|Any CPU.ActiveCfg = Debug|Any CPU
		{79FCEB78-BBA9-4146-972D-D9F2B2B3D9EB}.Debug|Any CPU.Build.0 = Debug|Any CPU
		{79FCEB78-BBA9-4146-972D-D9F2B2B3D9EB}.Release|Any CPU.ActiveCfg = Release|Any CPU
		{79FCEB78-BBA9-4146-972D-D9F2B2B3D9EB}.Release|Any CPU.Build.0 = Release|Any CPU
	EndGlobalSection
	GlobalSection(SolutionProperties) = preSolution
		HideSolutionNode = FALSE
	EndGlobalSection
	GlobalSection(ExtensibilityGlobals) = postSolution
		SolutionGuid = {8426D11C-C0AD-4422-8464-613C8BA4F409}
	EndGlobalSection
EndGlobal
