
Microsoft Visual Studio Solution File, Format Version 12.00
# Visual Studio Version 17
VisualStudioVersion = 17.14.37027.9 d17.14
MinimumVisualStudioVersion = 10.0.40219.1
Project("{FAE04EC0-301F-11D3-BF4B-00C04F79EFBC}") = "InputChallenge", "InputChallenge\InputChallenge.csproj", "{774D0310-CA7F-41DC-B46E-1A3B63A4158D}"
EndProject
Global
	GlobalSection(SolutionConfigurationPlatforms) = preSolution
		Debug|Any CPU = Debug|Any CPU
		Release|Any CPU = Release|Any CPU
	EndGlobalSection
	GlobalSection(ProjectConfigurationPlatforms) = postSolution
		{774D0310-CA7F-41DC-B46E-1A3B63A4158D}.Debug|Any CPU.ActiveCfg = Debug|Any CPU
		{774D0310-CA7F-41DC-B46E-1A3B63A4158D}.Debug|Any CPU.Build.0 = Debug|Any CPU
		{774D0310-CA7F-41DC-B46E-1A3B63A4158D}.Release|Any CPU.ActiveCfg = Release|Any CPU
		{774D0310-CA7F-41DC-B46E-1A3B63A4158D}.Release|Any CPU.Build.0 = Release|Any CPU
	EndGlobalSection
	GlobalSection(SolutionProperties) = preSolution
		HideSolutionNode = FALSE
	EndGlobalSection
	GlobalSection(ExtensibilityGlobals) = postSolution
		SolutionGuid = {3322BB24-300C-4728-BEC2-37143D5D8120}
	EndGlobalSection
EndGlobal
