
Microsoft Visual Studio Solution File, Format Version 12.00
# Visual Studio Version 17
VisualStudioVersion = 17.14.37027.9 d17.14
MinimumVisualStudioVersion = 10.0.40219.1
Project("{FAE04EC0-301F-11D3-BF4B-00C04F79EFBC}") = "ITERATION PART TWO VIDEO", "ITERATION PART TWO VIDEO\ITERATION PART TWO VIDEO.csproj", "{32BCA386-4B46-4F89-BBB4-B5860206FFE4}"
EndProject
Global
	GlobalSection(SolutionConfigurationPlatforms) = preSolution
		Debug|Any CPU = Debug|Any CPU
		Release|Any CPU = Release|Any CPU
	EndGlobalSection
	GlobalSection(ProjectConfigurationPlatforms) = postSolution
		{32BCA386-4B46-4F89-BBB4-B5860206FFE4}.Debug|Any CPU.ActiveCfg = Debug|Any CPU
		{32BCA386-4B46-4F89-BBB4-B5860206FFE4}.Debug|Any CPU.Build.0 = Debug|Any CPU
		{32BCA386-4B46-4F89-BBB4-B5860206FFE4}.Release|Any CPU.ActiveCfg = Release|Any CPU
		{32BCA386-4B46-4F89-BBB4-B5860206FFE4}.Release|Any CPU.Build.0 = Release|Any CPU
	EndGlobalSection
	GlobalSection(SolutionProperties) = preSolution
		HideSolutionNode = FALSE
	EndGlobalSection
	GlobalSection(ExtensibilityGlobals) = postSolution
		SolutionGuid = {CFADEC47-5DDB-4929-8A10-4B7EB3CBC113}
	EndGlobalSection
EndGlobal
