
Microsoft Visual Studio Solution File, Format Version 12.00
# Visual Studio Version 17
VisualStudioVersion = 17.14.37027.9 d17.14
MinimumVisualStudioVersion = 10.0.40219.1
Project("{FAE04EC0-301F-11D3-BF4B-00C04F79EFBC}") = "ARRAYS AND LISTS PART TWO VIDEO", "ARRAYS AND LISTS PART TWO VIDEO\ARRAYS AND LISTS PART TWO VIDEO.csproj", "{ED583D87-7D38-4334-9DF8-F44FD707A19E}"
EndProject
Global
	GlobalSection(SolutionConfigurationPlatforms) = preSolution
		Debug|Any CPU = Debug|Any CPU
		Release|Any CPU = Release|Any CPU
	EndGlobalSection
	GlobalSection(ProjectConfigurationPlatforms) = postSolution
		{ED583D87-7D38-4334-9DF8-F44FD707A19E}.Debug|Any CPU.ActiveCfg = Debug|Any CPU
		{ED583D87-7D38-4334-9DF8-F44FD707A19E}.Debug|Any CPU.Build.0 = Debug|Any CPU
		{ED583D87-7D38-4334-9DF8-F44FD707A19E}.Release|Any CPU.ActiveCfg = Release|Any CPU
		{ED583D87-7D38-4334-9DF8-F44FD707A19E}.Release|Any CPU.Build.0 = Release|Any CPU
	EndGlobalSection
	GlobalSection(SolutionProperties) = preSolution
		HideSolutionNode = FALSE
	EndGlobalSection
	GlobalSection(ExtensibilityGlobals) = postSolution
		SolutionGuid = {D1952885-5005-4BA2-B084-51F3DE454AD4}
	EndGlobalSection
EndGlobal
