
Microsoft Visual Studio Solution File, Format Version 12.00
# Visual Studio Version 17
VisualStudioVersion = 17.14.37027.9 d17.14
MinimumVisualStudioVersion = 10.0.40219.1
Project("{FAE04EC0-301F-11D3-BF4B-00C04F79EFBC}") = "POLYMORPHISM SUBMISSION ASSIGNMENT", "POLYMORPHISM SUBMISSION ASSIGNMENT\POLYMORPHISM SUBMISSION ASSIGNMENT.csproj", "{A9FD4C20-5B92-47FB-A19D-5F7C299AD4CA}"
EndProject
Global
	GlobalSection(SolutionConfigurationPlatforms) = preSolution
		Debug|Any CPU = Debug|Any CPU
		Release|Any CPU = Release|Any CPU
	EndGlobalSection
	GlobalSection(ProjectConfigurationPlatforms) = postSolution
		{A9FD4C20-5B92-47FB-A19D-5F7C299AD4CA}.Debug|Any CPU.ActiveCfg = Debug|Any CPU
		{A9FD4C20-5B92-47FB-A19D-5F7C299AD4CA}.Debug|Any CPU.Build.0 = Debug|Any CPU
		{A9FD4C20-5B92-47FB-A19D-5F7C299AD4CA}.Release|Any CPU.ActiveCfg = Release|Any CPU
		{A9FD4C20-5B92-47FB-A19D-5F7C299AD4CA}.Release|Any CPU.Build.0 = Release|Any CPU
	EndGlobalSection
	GlobalSection(SolutionProperties) = preSolution
		HideSolutionNode = FALSE
	EndGlobalSection
	GlobalSection(ExtensibilityGlobals) = postSolution
		SolutionGuid = {3BEE0519-E93F-4458-9C89-E521F71C6DCC}
	EndGlobalSection
EndGlobal
