
Microsoft Visual Studio Solution File, Format Version 12.00
# Visual Studio Version 17
VisualStudioVersion = 17.14.37027.9 d17.14
MinimumVisualStudioVersion = 10.0.40219.1
Project("{FAE04EC0-301F-11D3-BF4B-00C04F79EFBC}") = "SwitchStatement", "SwitchStatement\SwitchStatement.csproj", "{B07275C3-127C-4ED2-B9DB-725C6149E53C}"
EndProject
Global
	GlobalSection(SolutionConfigurationPlatforms) = preSolution
		Debug|Any CPU = Debug|Any CPU
		Release|Any CPU = Release|Any CPU
	EndGlobalSection
	GlobalSection(ProjectConfigurationPlatforms) = postSolution
		{B07275C3-127C-4ED2-B9DB-725C6149E53C}.Debug|Any CPU.ActiveCfg = Debug|Any CPU
		{B07275C3-127C-4ED2-B9DB-725C6149E53C}.Debug|Any CPU.Build.0 = Debug|Any CPU
		{B07275C3-127C-4ED2-B9DB-725C6149E53C}.Release|Any CPU.ActiveCfg = Release|Any CPU
		{B07275C3-127C-4ED2-B9DB-725C6149E53C}.Release|Any CPU.Build.0 = Release|Any CPU
	EndGlobalSection
	GlobalSection(SolutionProperties) = preSolution
		HideSolutionNode = FALSE
	EndGlobalSection
	GlobalSection(ExtensibilityGlobals) = postSolution
		SolutionGuid = {94BFA616-CB79-4149-A4BD-6AE3C2404CF1}
	EndGlobalSection
EndGlobal
